
Microsoft Visual Studio Solution File, Format Version 12.00
# Visual Studio 15
VisualStudioVersion = 15.0.26430.16
MinimumVisualStudioVersion = 10.0.40219.1
Project("{FAE04EC0-301F-11D3-BF4B-00C04F79EFBC}") = "TodoList.Api", "TodoList.Api\TodoList.Api.csproj", "{C014A56F-0C39-4748-AC71-8829912E6218}"
EndProject
Project("{FAE04EC0-301F-11D3-BF4B-00C04F79EFBC}") = "TodoList.Api.Tests", "TodoList.Api.Tests\TodoList.Api.Tests.csproj", "{7915B4E2-27A8-47BB-947B-79D14C7EEEA7}"
EndProject
Project("{FAE04EC0-301F-11D3-BF4B-00C04F79EFBC}") = "TodoList.Repository", "TodoList.Repository\TodoList.Repository.csproj", "{75D45B39-C60F-44B2-B48B-4AAF5C8BCAB2}"
	ProjectSection(ProjectDependencies) = postProject
		{78917F5D-B824-4F57-BE8B-33B32677E389} = {78917F5D-B824-4F57-BE8B-33B32677E389}
	EndProjectSection
EndProject
Project("{FAE04EC0-301F-11D3-BF4B-00C04F79EFBC}") = "TodoList.Contracts", "TodoList.Contracts\TodoList.Contracts.csproj", "{78917F5D-B824-4F57-BE8B-33B32677E389}"
EndProject
Global
	GlobalSection(SolutionConfigurationPlatforms) = preSolution
		Debug|Any CPU = Debug|Any CPU
		Release|Any CPU = Release|Any CPU
	EndGlobalSection
	GlobalSection(ProjectConfigurationPlatforms) = postSolution
		{C014A56F-0C39-4748-AC71-8829912E6218}.Debug|Any CPU.ActiveCfg = Debug|Any CPU
		{C014A56F-0C39-4748-AC71-8829912E6218}.Debug|Any CPU.Build.0 = Debug|Any CPU
		{C014A56F-0C39-4748-AC71-8829912E6218}.Release|Any CPU.ActiveCfg = Release|Any CPU
		{C014A56F-0C39-4748-AC71-8829912E6218}.Release|Any CPU.Build.0 = Release|Any CPU
		{7915B4E2-27A8-47BB-947B-79D14C7EEEA7}.Debug|Any CPU.ActiveCfg = Debug|Any CPU
		{7915B4E2-27A8-47BB-947B-79D14C7EEEA7}.Debug|Any CPU.Build.0 = Debug|Any CPU
		{7915B4E2-27A8-47BB-947B-79D14C7EEEA7}.Release|Any CPU.ActiveCfg = Release|Any CPU
		{7915B4E2-27A8-47BB-947B-79D14C7EEEA7}.Release|Any CPU.Build.0 = Release|Any CPU
		{75D45B39-C60F-44B2-B48B-4AAF5C8BCAB2}.Debug|Any CPU.ActiveCfg = Debug|Any CPU
		{75D45B39-C60F-44B2-B48B-4AAF5C8BCAB2}.Debug|Any CPU.Build.0 = Debug|Any CPU
		{75D45B39-C60F-44B2-B48B-4AAF5C8BCAB2}.Release|Any CPU.ActiveCfg = Release|Any CPU
		{75D45B39-C60F-44B2-B48B-4AAF5C8BCAB2}.Release|Any CPU.Build.0 = Release|Any CPU
		{78917F5D-B824-4F57-BE8B-33B32677E389}.Debug|Any CPU.ActiveCfg = Debug|Any CPU
		{78917F5D-B824-4F57-BE8B-33B32677E389}.Debug|Any CPU.Build.0 = Debug|Any CPU
		{78917F5D-B824-4F57-BE8B-33B32677E389}.Release|Any CPU.ActiveCfg = Release|Any CPU
		{78917F5D-B824-4F57-BE8B-33B32677E389}.Release|Any CPU.Build.0 = Release|Any CPU
	EndGlobalSection
	GlobalSection(SolutionProperties) = preSolution
		HideSolutionNode = FALSE
	EndGlobalSection
EndGlobal
